{
  "nodes": {
    "bootdev-cli": {
      "flake": false,
      "locked": {
        "path": "./pkgs/bootdev-cli",
        "type": "path"
      },
      "original": {
        "path": "./pkgs/bootdev-cli",
        "type": "path"
      },
      "parent": [
        "nixos-config"
      ]
    },
    "context": {
      "flake": false,
      "locked": {
        "path": "./pkgs/context",
        "type": "path"
      },
      "original": {
        "path": "./pkgs/context",
        "type": "path"
      },
      "parent": [
        "nixos-config"
      ]
    },
    "home-manager": {
      "inputs": {
        "nixpkgs": [
          "nixos-config",
          "nixpkgs"
        ]
      },
      "locked": {
        "lastModified": 1758463745,
        "narHash": "sha256-uhzsV0Q0I9j2y/rfweWeGif5AWe0MGrgZ/3TjpDYdGA=",
        "owner": "nix-community",
        "repo": "home-manager",
        "rev": "3b955f5f0a942f9f60cdc9cacb7844335d0f21c3",
        "type": "github"
      },
      "original": {
        "owner": "nix-community",
        "ref": "release-25.05",
        "repo": "home-manager",
        "type": "github"
      }
    },
    "lib": {
      "flake": false,
      "locked": {
        "path": "./lib",
        "type": "path"
      },
      "original": {
        "path": "./lib",
        "type": "path"
      },
      "parent": [
        "nixos-config"
      ]
    },
    "nixos-config": {
      "inputs": {
        "bootdev-cli": "bootdev-cli",
        "context": "context",
        "home-manager": "home-manager",
        "lib": "lib",
        "nixpkgs": "nixpkgs",
        "nixpkgs-unstable": "nixpkgs-unstable"
      },
      "locked": {
        "lastModified": 1760377301,
        "narHash": "sha256-5XwcErKjaTc07vpBMqmE80QiNEvsLDbfPzGjliS0WVU=",
        "owner": "BerndDonner",
        "repo": "NixOS-Config",
        "rev": "62dae50aced4180306db6ba92e936aab1ef28944",
        "type": "github"
      },
      "original": {
        "owner": "BerndDonner",
        "repo": "NixOS-Config",
        "type": "github"
      }
    },
    "nixpkgs": {
      "locked": {
        "lastModified": 1759994382,
        "narHash": "sha256-wSK+3UkalDZRVHGCRikZ//CyZUJWDJkBDTQX1+G77Ow=",
        "owner": "nixos",
        "repo": "nixpkgs",
        "rev": "5da4a26309e796daa7ffca72df93dbe53b8164c7",
        "type": "github"
      },
      "original": {
        "owner": "nixos",
        "ref": "nixos-25.05",
        "repo": "nixpkgs",
        "type": "github"
      }
    },
    "nixpkgs-unstable": {
      "locked": {
        "lastModified": 1760164275,
        "narHash": "sha256-gKl2Gtro/LNf8P+4L3S2RsZ0G390ccd5MyXYrTdMCFE=",
        "owner": "nixos",
        "repo": "nixpkgs",
        "rev": "362791944032cb532aabbeed7887a441496d5e6e",
        "type": "github"
      },
      "original": {
        "owner": "nixos",
        "ref": "nixpkgs-unstable",
        "repo": "nixpkgs",
        "type": "github"
      }
    },
    "root": {
      "inputs": {
        "nixos-config": "nixos-config",
        "nixpkgs": [
          "nixos-config",
          "nixpkgs"
        ]
      }
    }
  },
  "root": "root",
  "version": 7
}
